// !$*UTF8*$!
{
	archiveVersion = 1;
	classes = {
	};
	objectVersion = 56;
	objects = {

/* Begin PBXBuildFile section */
		9070E2562955E52500552177 /* AppDelegate.swift in Sources */ = {isa = PBXBuildFile; fileRef = 9070E2552955E52500552177 /* AppDelegate.swift */; };
		9070E2582955E52500552177 /* SceneDelegate.swift in Sources */ = {isa = PBXBuildFile; fileRef = 9070E2572955E52500552177 /* SceneDelegate.swift */; };
		9070E25D2955E52500552177 /* Main.storyboard in Resources */ = {isa = PBXBuildFile; fileRef = 9070E25B2955E52500552177 /* Main.storyboard */; };
		9070E25F2955E52700552177 /* Assets.xcassets in Resources */ = {isa = PBXBuildFile; fileRef = 9070E25E2955E52700552177 /* Assets.xcassets */; };
		9070E2622955E52700552177 /* LaunchScreen.storyboard in Resources */ = {isa = PBXBuildFile; fileRef = 9070E2602955E52700552177 /* LaunchScreen.storyboard */; };
		9070E2752955E63100552177 /* Product.swift in Sources */ = {isa = PBXBuildFile; fileRef = 9070E2742955E63100552177 /* Product.swift */; };
		9070E2772955E6C300552177 /* APIManager.swift in Sources */ = {isa = PBXBuildFile; fileRef = 9070E2762955E6C300552177 /* APIManager.swift */; };
		9070E2792955E98800552177 /* Constant.swift in Sources */ = {isa = PBXBuildFile; fileRef = 9070E2782955E98800552177 /* Constant.swift */; };
		9070E27B2955ED1200552177 /* ProductListViewController.swift in Sources */ = {isa = PBXBuildFile; fileRef = 9070E27A2955ED1200552177 /* ProductListViewController.swift */; };
		9070E27D2955ED9000552177 /* ProductViewModel.swift in Sources */ = {isa = PBXBuildFile; fileRef = 9070E27C2955ED9000552177 /* ProductViewModel.swift */; };
		9070E2802955F1E200552177 /* ProductCell.swift in Sources */ = {isa = PBXBuildFile; fileRef = 9070E27E2955F1E200552177 /* ProductCell.swift */; };
		9070E2812955F1E200552177 /* ProductCell.xib in Resources */ = {isa = PBXBuildFile; fileRef = 9070E27F2955F1E200552177 /* ProductCell.xib */; };
		9070E2842955F76200552177 /* Kingfisher in Frameworks */ = {isa = PBXBuildFile; productRef = 9070E2832955F76200552177 /* Kingfisher */; };
		9070E2862955F78400552177 /* UIImageView + Extension.swift in Sources */ = {isa = PBXBuildFile; fileRef = 9070E2852955F78400552177 /* UIImageView + Extension.swift */; };
		9070E2B02959041600552177 /* EndPointType.swift in Sources */ = {isa = PBXBuildFile; fileRef = 9070E2AF2959041600552177 /* EndPointType.swift */; };
/* End PBXBuildFile section */

/* Begin PBXFileReference section */
		9070E2522955E52500552177 /* Youtube MVVM Products.app */ = {isa = PBXFileReference; explicitFileType = wrapper.application; includeInIndex = 0; path = "Youtube MVVM Products.app"; sourceTree = BUILT_PRODUCTS_DIR; };
		9070E2552955E52500552177 /* AppDelegate.swift */ = {isa = PBXFileReference; lastKnownFileType = sourcecode.swift; path = AppDelegate.swift; sourceTree = "<group>"; };
		9070E2572955E52500552177 /* SceneDelegate.swift */ = {isa = PBXFileReference; lastKnownFileType = sourcecode.swift; path = SceneDelegate.swift; sourceTree = "<group>"; };
		9070E25C2955E52500552177 /* Base */ = {isa = PBXFileReference; lastKnownFileType = file.storyboard; name = Base; path = Base.lproj/Main.storyboard; sourceTree = "<group>"; };
		9070E25E2955E52700552177 /* Assets.xcassets */ = {isa = PBXFileReference; lastKnownFileType = folder.assetcatalog; path = Assets.xcassets; sourceTree = "<group>"; };
		9070E2612955E52700552177 /* Base */ = {isa = PBXFileReference; lastKnownFileType = file.storyboard; name = Base; path = Base.lproj/LaunchScreen.storyboard; sourceTree = "<group>"; };
		9070E2632955E52700552177 /* Info.plist */ = {isa = PBXFileReference; lastKnownFileType = text.plist.xml; path = Info.plist; sourceTree = "<group>"; };
		9070E2742955E63100552177 /* Product.swift */ = {isa = PBXFileReference; lastKnownFileType = sourcecode.swift; path = Product.swift; sourceTree = "<group>"; };
		9070E2762955E6C300552177 /* APIManager.swift */ = {isa = PBXFileReference; lastKnownFileType = sourcecode.swift; path = APIManager.swift; sourceTree = "<group>"; };
		9070E2782955E98800552177 /* Constant.swift */ = {isa = PBXFileReference; lastKnownFileType = sourcecode.swift; path = Constant.swift; sourceTree = "<group>"; };
		9070E27A2955ED1200552177 /* ProductListViewController.swift */ = {isa = PBXFileReference; lastKnownFileType = sourcecode.swift; path = ProductListViewController.swift; sourceTree = "<group>"; };
		9070E27C2955ED9000552177 /* ProductViewModel.swift */ = {isa = PBXFileReference; lastKnownFileType = sourcecode.swift; path = ProductViewModel.swift; sourceTree = "<group>"; };
		9070E27E2955F1E200552177 /* ProductCell.swift */ = {isa = PBXFileReference; lastKnownFileType = sourcecode.swift; path = ProductCell.swift; sourceTree = "<group>"; };
		9070E27F2955F1E200552177 /* ProductCell.xib */ = {isa = PBXFileReference; lastKnownFileType = file.xib; path = ProductCell.xib; sourceTree = "<group>"; };
		9070E2852955F78400552177 /* UIImageView + Extension.swift */ = {isa = PBXFileReference; lastKnownFileType = sourcecode.swift; path = "UIImageView + Extension.swift"; sourceTree = "<group>"; };
		9070E2AF2959041600552177 /* EndPointType.swift */ = {isa = PBXFileReference; lastKnownFileType = sourcecode.swift; path = EndPointType.swift; sourceTree = "<group>"; };
/* End PBXFileReference section */

/* Begin PBXFrameworksBuildPhase section */
		9070E24F2955E52500552177 /* Frameworks */ = {
			isa = PBXFrameworksBuildPhase;
			buildActionMask = 2147483647;
			files = (
				9070E2842955F76200552177 /* Kingfisher in Frameworks */,
			);
			runOnlyForDeploymentPostprocessing = 0;
		};
/* End PBXFrameworksBuildPhase section */

/* Begin PBXGroup section */
		9070E2492955E52500552177 = {
			isa = PBXGroup;
			children = (
				9070E2542955E52500552177 /* Youtube MVVM Products */,
				9070E2532955E52500552177 /* Products */,
			);
			sourceTree = "<group>";
		};
		9070E2532955E52500552177 /* Products */ = {
			isa = PBXGroup;
			children = (
				9070E2522955E52500552177 /* Youtube MVVM Products.app */,
			);
			name = Products;
			sourceTree = "<group>";
		};
		9070E2542955E52500552177 /* Youtube MVVM Products */ = {
			isa = PBXGroup;
			children = (
				9070E26F2955E54500552177 /* Application */,
				9070E26D2955E53F00552177 /* Constant */,
				9070E26E2955E54200552177 /* Extensions */,
				9070E2AE2959040100552177 /* Utility */,
				9070E26C2955E53C00552177 /* Helper */,
				9070E26B2955E53900552177 /* Screens */,
				9070E26A2955E53600552177 /* Storyboard */,
				9070E2692955E53300552177 /* Resources */,
				9070E2632955E52700552177 /* Info.plist */,
			);
			path = "Youtube MVVM Products";
			sourceTree = "<group>";
		};
		9070E2692955E53300552177 /* Resources */ = {
			isa = PBXGroup;
			children = (
				9070E25E2955E52700552177 /* Assets.xcassets */,
			);
			path = Resources;
			sourceTree = "<group>";
		};
		9070E26A2955E53600552177 /* Storyboard */ = {
			isa = PBXGroup;
			children = (
				9070E25B2955E52500552177 /* Main.storyboard */,
				9070E2602955E52700552177 /* LaunchScreen.storyboard */,
			);
			path = Storyboard;
			sourceTree = "<group>";
		};
		9070E26B2955E53900552177 /* Screens */ = {
			isa = PBXGroup;
			children = (
				9070E2702955E58C00552177 /* Product */,
			);
			path = Screens;
			sourceTree = "<group>";
		};
		9070E26C2955E53C00552177 /* Helper */ = {
			isa = PBXGroup;
			children = (
				9070E2762955E6C300552177 /* APIManager.swift */,
			);
			path = Helper;
			sourceTree = "<group>";
		};
		9070E26D2955E53F00552177 /* Constant */ = {
			isa = PBXGroup;
			children = (
				9070E2782955E98800552177 /* Constant.swift */,
			);
			path = Constant;
			sourceTree = "<group>";
		};
		9070E26E2955E54200552177 /* Extensions */ = {
			isa = PBXGroup;
			children = (
				9070E2852955F78400552177 /* UIImageView + Extension.swift */,
			);
			path = Extensions;
			sourceTree = "<group>";
		};
		9070E26F2955E54500552177 /* Application */ = {
			isa = PBXGroup;
			children = (
				9070E2552955E52500552177 /* AppDelegate.swift */,
				9070E2572955E52500552177 /* SceneDelegate.swift */,
			);
			path = Application;
			sourceTree = "<group>";
		};
		9070E2702955E58C00552177 /* Product */ = {
			isa = PBXGroup;
			children = (
				9070E2732955E5AA00552177 /* Model */,
				9070E2722955E5A300552177 /* View */,
				9070E2712955E5A100552177 /* ViewModel */,
			);
			path = Product;
			sourceTree = "<group>";
		};
		9070E2712955E5A100552177 /* ViewModel */ = {
			isa = PBXGroup;
			children = (
				9070E27C2955ED9000552177 /* ProductViewModel.swift */,
			);
			path = ViewModel;
			sourceTree = "<group>";
		};
		9070E2722955E5A300552177 /* View */ = {
			isa = PBXGroup;
			children = (
				9070E27E2955F1E200552177 /* ProductCell.swift */,
				9070E27F2955F1E200552177 /* ProductCell.xib */,
				9070E2872955F9D600552177 /* Controller */,
			);
			path = View;
			sourceTree = "<group>";
		};
		9070E2732955E5AA00552177 /* Model */ = {
			isa = PBXGroup;
			children = (
				9070E2742955E63100552177 /* Product.swift */,
			);
			path = Model;
			sourceTree = "<group>";
		};
		9070E2872955F9D600552177 /* Controller */ = {
			isa = PBXGroup;
			children = (
				9070E27A2955ED1200552177 /* ProductListViewController.swift */,
			);
			path = Controller;
			sourceTree = "<group>";
		};
		9070E2AE2959040100552177 /* Utility */ = {
			isa = PBXGroup;
			children = (
				9070E2AF2959041600552177 /* EndPointType.swift */,
			);
			path = Utility;
			sourceTree = "<group>";
		};
/* End PBXGroup section */

/* Begin PBXNativeTarget section */
		9070E2512955E52500552177 /* Youtube MVVM Products */ = {
			isa = PBXNativeTarget;
			buildConfigurationList = 9070E2662955E52700552177 /* Build configuration list for PBXNativeTarget "Youtube MVVM Products" */;
			buildPhases = (
				9070E24E2955E52500552177 /* Sources */,
				9070E24F2955E52500552177 /* Frameworks */,
				9070E2502955E52500552177 /* Resources */,
			);
			buildRules = (
			);
			dependencies = (
			);
			name = "Youtube MVVM Products";
			packageProductDependencies = (
				9070E2832955F76200552177 /* Kingfisher */,
			);
			productName = "Youtube MVVM Products";
			productReference = 9070E2522955E52500552177 /* Youtube MVVM Products.app */;
			productType = "com.apple.product-type.application";
		};
/* End PBXNativeTarget section */

/* Begin PBXProject section */
		9070E24A2955E52500552177 /* Project object */ = {
			isa = PBXProject;
			attributes = {
				BuildIndependentTargetsInParallel = 1;
				LastSwiftUpdateCheck = 1410;
				LastUpgradeCheck = 1410;
				TargetAttributes = {
					9070E2512955E52500552177 = {
						CreatedOnToolsVersion = 14.1;
					};
				};
			};
			buildConfigurationList = 9070E24D2955E52500552177 /* Build configuration list for PBXProject "Youtube MVVM Products" */;
			compatibilityVersion = "Xcode 14.0";
			developmentRegion = en;
			hasScannedForEncodings = 0;
			knownRegions = (
				en,
				Base,
			);
			mainGroup = 9070E2492955E52500552177;
			packageReferences = (
				9070E2822955F76200552177 /* XCRemoteSwiftPackageReference "Kingfisher" */,
			);
			productRefGroup = 9070E2532955E52500552177 /* Products */;
			projectDirPath = "";
			projectRoot = "";
			targets = (
				9070E2512955E52500552177 /* Youtube MVVM Products */,
			);
		};
/* End PBXProject section */

/* Begin PBXResourcesBuildPhase section */
		9070E2502955E52500552177 /* Resources */ = {
			isa = PBXResourcesBuildPhase;
			buildActionMask = 2147483647;
			files = (
				9070E2622955E52700552177 /* LaunchScreen.storyboard in Resources */,
				9070E2812955F1E200552177 /* ProductCell.xib in Resources */,
				9070E25F2955E52700552177 /* Assets.xcassets in Resources */,
				9070E25D2955E52500552177 /* Main.storyboard in Resources */,
			);
			runOnlyForDeploymentPostprocessing = 0;
		};
/* End PBXResourcesBuildPhase section */

/* Begin PBXSourcesBuildPhase section */
		9070E24E2955E52500552177 /* Sources */ = {
			isa = PBXSourcesBuildPhase;
			buildActionMask = 2147483647;
			files = (
				9070E2862955F78400552177 /* UIImageView + Extension.swift in Sources */,
				9070E27D2955ED9000552177 /* ProductViewModel.swift in Sources */,
				9070E2772955E6C300552177 /* APIManager.swift in Sources */,
				9070E2562955E52500552177 /* AppDelegate.swift in Sources */,
				9070E2792955E98800552177 /* Constant.swift in Sources */,
				9070E2582955E52500552177 /* SceneDelegate.swift in Sources */,
				9070E2802955F1E200552177 /* ProductCell.swift in Sources */,
				9070E27B2955ED1200552177 /* ProductListViewController.swift in Sources */,
				9070E2B02959041600552177 /* EndPointType.swift in Sources */,
				9070E2752955E63100552177 /* Product.swift in Sources */,
			);
			runOnlyForDeploymentPostprocessing = 0;
		};
/* End PBXSourcesBuildPhase section */

/* Begin PBXVariantGroup section */
		9070E25B2955E52500552177 /* Main.storyboard */ = {
			isa = PBXVariantGroup;
			children = (
				9070E25C2955E52500552177 /* Base */,
			);
			name = Main.storyboard;
			sourceTree = "<group>";
		};
		9070E2602955E52700552177 /* LaunchScreen.storyboard */ = {
			isa = PBXVariantGroup;
			children = (
				9070E2612955E52700552177 /* Base */,
			);
			name = LaunchScreen.storyboard;
			sourceTree = "<group>";
		};
/* End PBXVariantGroup section */

/* Begin XCBuildConfiguration section */
		9070E2642955E52700552177 /* Debug */ = {
			isa = XCBuildConfiguration;
			buildSettings = {
				ALWAYS_SEARCH_USER_PATHS = NO;
				CLANG_ANALYZER_NONNULL = YES;
				CLANG_ANALYZER_NUMBER_OBJECT_CONVERSION = YES_AGGRESSIVE;
				CLANG_CXX_LANGUAGE_STANDARD = "gnu++20";
				CLANG_ENABLE_MODULES = YES;
				CLANG_ENABLE_OBJC_ARC = YES;
				CLANG_ENABLE_OBJC_WEAK = YES;
				CLANG_WARN_BLOCK_CAPTURE_AUTORELEASING = YES;
				CLANG_WARN_BOOL_CONVERSION = YES;
				CLANG_WARN_COMMA = YES;
				CLANG_WARN_CONSTANT_CONVERSION = YES;
				CLANG_WARN_DEPRECATED_OBJC_IMPLEMENTATIONS = YES;
				CLANG_WARN_DIRECT_OBJC_ISA_USAGE = YES_ERROR;
				CLANG_WARN_DOCUMENTATION_COMMENTS = YES;
				CLANG_WARN_EMPTY_BODY = YES;
				CLANG_WARN_ENUM_CONVERSION = YES;
				CLANG_WARN_INFINITE_RECURSION = YES;
				CLANG_WARN_INT_CONVERSION = YES;
				CLANG_WARN_NON_LITERAL_NULL_CONVERSION = YES;
				CLANG_WARN_OBJC_IMPLICIT_RETAIN_SELF = YES;
				CLANG_WARN_OBJC_LITERAL_CONVERSION = YES;
				CLANG_WARN_OBJC_ROOT_CLASS = YES_ERROR;
				CLANG_WARN_QUOTED_INCLUDE_IN_FRAMEWORK_HEADER = YES;
				CLANG_WARN_RANGE_LOOP_ANALYSIS = YES;
				CLANG_WARN_STRICT_PROTOTYPES = YES;
				CLANG_WARN_SUSPICIOUS_MOVE = YES;
				CLANG_WARN_UNGUARDED_AVAILABILITY = YES_AGGRESSIVE;
				CLANG_WARN_UNREACHABLE_CODE = YES;
				CLANG_WARN__DUPLICATE_METHOD_MATCH = YES;
				COPY_PHASE_STRIP = NO;
				DEBUG_INFORMATION_FORMAT = dwarf;
				ENABLE_STRICT_OBJC_MSGSEND = YES;
				ENABLE_TESTABILITY = YES;
				GCC_C_LANGUAGE_STANDARD = gnu11;
				GCC_DYNAMIC_NO_PIC = NO;
				GCC_NO_COMMON_BLOCKS = YES;
				GCC_OPTIMIZATION_LEVEL = 0;
				GCC_PREPROCESSOR_DEFINITIONS = (
					"DEBUG=1",
					"$(inherited)",
				);
				GCC_WARN_64_TO_32_BIT_CONVERSION = YES;
				GCC_WARN_ABOUT_RETURN_TYPE = YES_ERROR;
				GCC_WARN_UNDECLARED_SELECTOR = YES;
				GCC_WARN_UNINITIALIZED_AUTOS = YES_AGGRESSIVE;
				GCC_WARN_UNUSED_FUNCTION = YES;
				GCC_WARN_UNUSED_VARIABLE = YES;
				IPHONEOS_DEPLOYMENT_TARGET = 16.1;
				MTL_ENABLE_DEBUG_INFO = INCLUDE_SOURCE;
				MTL_FAST_MATH = YES;
				ONLY_ACTIVE_ARCH = YES;
				SDKROOT = iphoneos;
				SWIFT_ACTIVE_COMPILATION_CONDITIONS = DEBUG;
				SWIFT_OPTIMIZATION_LEVEL = "-Onone";
			};
			name = Debug;
		};
		9070E2652955E52700552177 /* Release */ = {
			isa = XCBuildConfiguration;
			buildSettings = {
				ALWAYS_SEARCH_USER_PATHS = NO;
				CLANG_ANALYZER_NONNULL = YES;
				CLANG_ANALYZER_NUMBER_OBJECT_CONVERSION = YES_AGGRESSIVE;
				CLANG_CXX_LANGUAGE_STANDARD = "gnu++20";
				CLANG_ENABLE_MODULES = YES;
				CLANG_ENABLE_OBJC_ARC = YES;
				CLANG_ENABLE_OBJC_WEAK = YES;
				CLANG_WARN_BLOCK_CAPTURE_AUTORELEASING = YES;
				CLANG_WARN_BOOL_CONVERSION = YES;
				CLANG_WARN_COMMA = YES;
				CLANG_WARN_CONSTANT_CONVERSION = YES;
				CLANG_WARN_DEPRECATED_OBJC_IMPLEMENTATIONS = YES;
				CLANG_WARN_DIRECT_OBJC_ISA_USAGE = YES_ERROR;
				CLANG_WARN_DOCUMENTATION_COMMENTS = YES;
				CLANG_WARN_EMPTY_BODY = YES;
				CLANG_WARN_ENUM_CONVERSION = YES;
				CLANG_WARN_INFINITE_RECURSION = YES;
				CLANG_WARN_INT_CONVERSION = YES;
				CLANG_WARN_NON_LITERAL_NULL_CONVERSION = YES;
				CLANG_WARN_OBJC_IMPLICIT_RETAIN_SELF = YES;
				CLANG_WARN_OBJC_LITERAL_CONVERSION = YES;
				CLANG_WARN_OBJC_ROOT_CLASS = YES_ERROR;
				CLANG_WARN_QUOTED_INCLUDE_IN_FRAMEWORK_HEADER = YES;
				CLANG_WARN_RANGE_LOOP_ANALYSIS = YES;
				CLANG_WARN_STRICT_PROTOTYPES = YES;
				CLANG_WARN_SUSPICIOUS_MOVE = YES;
				CLANG_WARN_UNGUARDED_AVAILABILITY = YES_AGGRESSIVE;
				CLANG_WARN_UNREACHABLE_CODE = YES;
				CLANG_WARN__DUPLICATE_METHOD_MATCH = YES;
				COPY_PHASE_STRIP = NO;
				DEBUG_INFORMATION_FORMAT = "dwarf-with-dsym";
				ENABLE_NS_ASSERTIONS = NO;
				ENABLE_STRICT_OBJC_MSGSEND = YES;
				GCC_C_LANGUAGE_STANDARD = gnu11;
				GCC_NO_COMMON_BLOCKS = YES;
				GCC_WARN_64_TO_32_BIT_CONVERSION = YES;
				GCC_WARN_ABOUT_RETURN_TYPE = YES_ERROR;
				GCC_WARN_UNDECLARED_SELECTOR = YES;
				GCC_WARN_UNINITIALIZED_AUTOS = YES_AGGRESSIVE;
				GCC_WARN_UNUSED_FUNCTION = YES;
				GCC_WARN_UNUSED_VARIABLE = YES;
				IPHONEOS_DEPLOYMENT_TARGET = 16.1;
				MTL_ENABLE_DEBUG_INFO = NO;
				MTL_FAST_MATH = YES;
				SDKROOT = iphoneos;
				SWIFT_COMPILATION_MODE = wholemodule;
				SWIFT_OPTIMIZATION_LEVEL = "-O";
				VALIDATE_PRODUCT = YES;
			};
			name = Release;
		};
		9070E2672955E52700552177 /* Debug */ = {
			isa = XCBuildConfiguration;
			buildSettings = {
				ASSETCATALOG_COMPILER_APPICON_NAME = AppIcon;
				ASSETCATALOG_COMPILER_GLOBAL_ACCENT_COLOR_NAME = AccentColor;
				CODE_SIGN_STYLE = Automatic;
				CURRENT_PROJECT_VERSION = 1;
				DEVELOPMENT_TEAM = CF4QM4CNHN;
				GENERATE_INFOPLIST_FILE = YES;
				INFOPLIST_FILE = "Youtube MVVM Products/Info.plist";
				INFOPLIST_KEY_UIApplicationSupportsIndirectInputEvents = YES;
				INFOPLIST_KEY_UILaunchStoryboardName = LaunchScreen;
				INFOPLIST_KEY_UIMainStoryboardFile = Main;
				INFOPLIST_KEY_UISupportedInterfaceOrientations_iPad = "UIInterfaceOrientationPortrait UIInterfaceOrientationPortraitUpsideDown UIInterfaceOrientationLandscapeLeft UIInterfaceOrientationLandscapeRight";
				INFOPLIST_KEY_UISupportedInterfaceOrientations_iPhone = "UIInterfaceOrientationPortrait UIInterfaceOrientationLandscapeLeft UIInterfaceOrientationLandscapeRight";
				LD_RUNPATH_SEARCH_PATHS = (
					"$(inherited)",
					"@executable_path/Frameworks",
				);
				MARKETING_VERSION = 1.0;
				PRODUCT_BUNDLE_IDENTIFIER = "com.yogeshpatel.Youtube-MVVM-Products";
				PRODUCT_NAME = "$(TARGET_NAME)";
				SWIFT_EMIT_LOC_STRINGS = YES;
				SWIFT_VERSION = 5.0;
				TARGETED_DEVICE_FAMILY = "1,2";
			};
			name = Debug;
		};
		9070E2682955E52700552177 /* Release */ = {
			isa = XCBuildConfiguration;
			buildSettings = {
				ASSETCATALOG_COMPILER_APPICON_NAME = AppIcon;
				ASSETCATALOG_COMPILER_GLOBAL_ACCENT_COLOR_NAME = AccentColor;
				CODE_SIGN_STYLE = Automatic;
				CURRENT_PROJECT_VERSION = 1;
				DEVELOPMENT_TEAM = CF4QM4CNHN;
				GENERATE_INFOPLIST_FILE = YES;
				INFOPLIST_FILE = "Youtube MVVM Products/Info.plist";
				INFOPLIST_KEY_UIApplicationSupportsIndirectInputEvents = YES;
				INFOPLIST_KEY_UILaunchStoryboardName = LaunchScreen;
				INFOPLIST_KEY_UIMainStoryboardFile = Main;
				INFOPLIST_KEY_UISupportedInterfaceOrientations_iPad = "UIInterfaceOrientationPortrait UIInterfaceOrientationPortraitUpsideDown UIInterfaceOrientationLandscapeLeft UIInterfaceOrientationLandscapeRight";
				INFOPLIST_KEY_UISupportedInterfaceOrientations_iPhone = "UIInterfaceOrientationPortrait UIInterfaceOrientationLandscapeLeft UIInterfaceOrientationLandscapeRight";
				LD_RUNPATH_SEARCH_PATHS = (
					"$(inherited)",
					"@executable_path/Frameworks",
				);
				MARKETING_VERSION = 1.0;
				PRODUCT_BUNDLE_IDENTIFIER = "com.yogeshpatel.Youtube-MVVM-Products";
				PRODUCT_NAME = "$(TARGET_NAME)";
				SWIFT_EMIT_LOC_STRINGS = YES;
				SWIFT_VERSION = 5.0;
				TARGETED_DEVICE_FAMILY = "1,2";
			};
			name = Release;
		};
/* End XCBuildConfiguration section */

/* Begin XCConfigurationList section */
		9070E24D2955E52500552177 /* Build configuration list for PBXProject "Youtube MVVM Products" */ = {
			isa = XCConfigurationList;
			buildConfigurations = (
				9070E2642955E52700552177 /* Debug */,
				9070E2652955E52700552177 /* Release */,
			);
			defaultConfigurationIsVisible = 0;
			defaultConfigurationName = Release;
		};
		9070E2662955E52700552177 /* Build configuration list for PBXNativeTarget "Youtube MVVM Products" */ = {
			isa = XCConfigurationList;
			buildConfigurations = (
				9070E2672955E52700552177 /* Debug */,
				9070E2682955E52700552177 /* Release */,
			);
			defaultConfigurationIsVisible = 0;
			defaultConfigurationName = Release;
		};
/* End XCConfigurationList section */

/* Begin XCRemoteSwiftPackageReference section */
		9070E2822955F76200552177 /* XCRemoteSwiftPackageReference "Kingfisher" */ = {
			isa = XCRemoteSwiftPackageReference;
			repositoryURL = "https://github.com/onevcat/Kingfisher.git";
			requirement = {
				kind = upToNextMajorVersion;
				minimumVersion = 7.0.0;
			};
		};
/* End XCRemoteSwiftPackageReference section */

/* Begin XCSwiftPackageProductDependency section */
		9070E2832955F76200552177 /* Kingfisher */ = {
			isa = XCSwiftPackageProductDependency;
			package = 9070E2822955F76200552177 /* XCRemoteSwiftPackageReference "Kingfisher" */;
			productName = Kingfisher;
		};
/* End XCSwiftPackageProductDependency section */
	};
	rootObject = 9070E24A2955E52500552177 /* Project object */;
}
